PODS:
  - AFNetworking (3.1.0):
    - AFNetworking/NSURLSession (= 3.1.0)
    - AFNetworking/Reachability (= 3.1.0)
    - AFNetworking/Security (= 3.1.0)
    - AFNetworking/Serialization (= 3.1.0)
    - AFNetworking/UIKit (= 3.1.0)
  - AFNetworking/NSURLSession (3.1.0):
    - AFNetworking/Reachability
    - AFNetworking/Security
    - AFNetworking/Serialization
  - AFNetworking/Reachability (3.1.0)
  - AFNetworking/Security (3.1.0)
  - AFNetworking/Serialization (3.1.0)
  - AFNetworking/UIKit (3.1.0):
    - AFNetworking/NSURLSession
  - Alamofire (4.5.0)
  - AlamofireImage (3.2.0):
    - Alamofire (~> 4.1)
  - CocoaAsyncSocket (7.6.1)
  - DACircularProgress (2.3.1)
  - HandyJSON (1.7.2)
  - KissXML (5.2.0)
  - MBProgressHUD (0.9.2)
  - MWPhotoBrowser (2.1.2):
    - DACircularProgress (~> 2.3)
    - MBProgressHUD (~> 0.9)
    - SDWebImage (!= 3.7.2, ~> 3.7)
  - NIMSDK (4.0.0)
  - ObjcExceptionBridging (1.0.1):
    - ObjcExceptionBridging/ObjcExceptionBridging (= 1.0.1)
  - ObjcExceptionBridging/ObjcExceptionBridging (1.0.1)
  - rebekka (1.0.3)
  - RxCocoa (3.6.1):
    - RxSwift (~> 3.6)
  - RxSwift (3.6.1)
  - SDCycleScrollView (1.65):
    - SDWebImage (~> 3.7)
  - SDWebImage (3.8.2):
    - SDWebImage/Core (= 3.8.2)
  - SDWebImage/Core (3.8.2)
  - Socket.IO-Client-Swift (8.3.3)
  - SwiftyJSON (3.1.4)
  - TZImagePickerController (1.8.3)
  - UITableView+FDTemplateLayoutCell_Bell (1.5.0)
  - UPCarouselFlowLayout (1.1.1)
  - XCGLogger (5.0.1):
    - XCGLogger/Core (= 5.0.1)
  - XCGLogger/Core (5.0.1):
    - ObjcExceptionBridging

DEPENDENCIES:
  - AFNetworking (~> 3.1.0)
  - Alamofire
  - AlamofireImage
  - CocoaAsyncSocket
  - HandyJSON
  - KissXML
  - MWPhotoBrowser (~> 2.1.2)
  - NIMSDK
  - rebekka (~> 1.0.3)
  - RxCocoa (~> 3.0)
  - RxSwift (~> 3.0)
  - SDCycleScrollView
  - SDWebImage (= 3.8.2)
  - Socket.IO-Client-Swift (~> 8.3.0)
  - SwiftyJSON
  - TZImagePickerController
  - UITableView+FDTemplateLayoutCell_Bell (~> 1.5.0)
  - UPCarouselFlowLayout
  - XCGLogger

SPEC CHECKSUMS:
  AFNetworking: 5e0e199f73d8626b11e79750991f5d173d1f8b67
  Alamofire: f28cdffd29de33a7bfa022cbd63ae95a27fae140
  AlamofireImage: 157ed682cc81d3b9db4fb90c1f12180ac552d93b
  CocoaAsyncSocket: 7eadd3f59e1a6c84e2aefc93e9ff7b55156fe174
  DACircularProgress: 4dd437c0fc3da5161cb289e07ac449493d41db71
  HandyJSON: e7ad0483005826baba1d1c251cd98d0aa8bd8cce
  KissXML: 1c1eeeb6b94e4522cd2f2373e5d0d03c9227738f
  MBProgressHUD: 1569cf7ace17a8bac47aabfbb8580a49690386d1
  MWPhotoBrowser: 5836d7aa041dc05a13de380c246826578adc5ea5
  NIMSDK: f919c8315c0d5775f8a0a84ce7c5ef12060b025d
  ObjcExceptionBridging: c30e00eb3700467e695faeea30e26e18bd445001
  rebekka: 456c2c3d1013faad49530845cae2cf9de8559ffb
  RxCocoa: 84a08739ab186248c7f31ce4ee92d6f8a947d690
  RxSwift: f9de85ea20cd2f7716ee5409fc13523dc638e4e4
  SDCycleScrollView: f72904c77698a7f93a41bcbbc2d78b073bf7326c
  SDWebImage: '098e97e6176540799c27e804c96653ee0833d13c'
  Socket.IO-Client-Swift: a2faffdbde89c63aebc5d631041530c1068b02b8
  SwiftyJSON: c2842d878f95482ffceec5709abc3d05680c0220
  TZImagePickerController: 8c02d10822404b26c4330cdb79f2e46fb6a61473
  UITableView+FDTemplateLayoutCell_Bell: ee65b057dbbe937bb6764f33d4ca6910d05a0efd
  UPCarouselFlowLayout: 02045c1505d63057fba3d9975be880a8d16bf17d
  XCGLogger: 0b43697155d41e4a1b15fc776f319c2141646b09

PODFILE CHECKSUM: 32383927e203707df8d44949e09d6c1be45740e7

COCOAPODS: 1.2.1
